
Microsoft Visual Studio Solution File, Format Version 12.00
# Visual Studio Version 17
VisualStudioVersion = 17.14.36310.24 d17.14
MinimumVisualStudioVersion = 10.0.40219.1
Project("{FAE04EC0-301F-11D3-BF4B-00C04F79EFBC}") = "AsyncLab", "AsyncLab\AsyncLab.csproj", "{8823C2DA-C194-414F-A2EE-20AF898A9C57}"
EndProject
Global
	GlobalSection(SolutionConfigurationPlatforms) = preSolution
		Debug|Any CPU = Debug|Any CPU
		Release|Any CPU = Release|Any CPU
	EndGlobalSection
	GlobalSection(ProjectConfigurationPlatforms) = postSolution
		{8823C2DA-C194-414F-A2EE-20AF898A9C57}.Debug|Any CPU.ActiveCfg = Debug|Any CPU
		{8823C2DA-C194-414F-A2EE-20AF898A9C57}.Debug|Any CPU.Build.0 = Debug|Any CPU
		{8823C2DA-C194-414F-A2EE-20AF898A9C57}.Release|Any CPU.ActiveCfg = Release|Any CPU
		{8823C2DA-C194-414F-A2EE-20AF898A9C57}.Release|Any CPU.Build.0 = Release|Any CPU
	EndGlobalSection
	GlobalSection(SolutionProperties) = preSolution
		HideSolutionNode = FALSE
	EndGlobalSection
	GlobalSection(ExtensibilityGlobals) = postSolution
		SolutionGuid = {19ACD6D9-24B8-45AA-BD22-20C2F7F71AA4}
	EndGlobalSection
EndGlobal
